// !$*UTF8*$!
{
	archiveVersion = 1;
	classes = {
	};
	objectVersion = 50;
	objects = {

/* Begin PBXBuildFile section */
		2B409507217CA1E1001F822C /* DownloadService.swift in Sources */ = {isa = PBXBuildFile; fileRef = 2B409506217CA1E1001F822C /* DownloadService.swift */; };
		2B409509217CA3F0001F822C /* WeatherData.swift in Sources */ = {isa = PBXBuildFile; fileRef = 2B409508217CA3F0001F822C /* WeatherData.swift */; };
		3F11FE3B216E31120003C8A4 /* AppDelegate.swift in Sources */ = {isa = PBXBuildFile; fileRef = 3F11FE3A216E31120003C8A4 /* AppDelegate.swift */; };
		3F11FE3D216E31120003C8A4 /* ViewController.swift in Sources */ = {isa = PBXBuildFile; fileRef = 3F11FE3C216E31120003C8A4 /* ViewController.swift */; };
		3F11FE40216E31120003C8A4 /* Main.storyboard in Resources */ = {isa = PBXBuildFile; fileRef = 3F11FE3E216E31120003C8A4 /* Main.storyboard */; settings = {ASSET_TAGS = (label, ); }; };
		3F11FE42216E31130003C8A4 /* Assets.xcassets in Resources */ = {isa = PBXBuildFile; fileRef = 3F11FE41216E31130003C8A4 /* Assets.xcassets */; };
		3F11FE45216E31130003C8A4 /* LaunchScreen.storyboard in Resources */ = {isa = PBXBuildFile; fileRef = 3F11FE43216E31130003C8A4 /* LaunchScreen.storyboard */; };
		3F11FE50216E31130003C8A4 /* AdamskaPrognozaPogodyTests.swift in Sources */ = {isa = PBXBuildFile; fileRef = 3F11FE4F216E31130003C8A4 /* AdamskaPrognozaPogodyTests.swift */; };
		3F11FE5B216E31130003C8A4 /* AdamskaPrognozaPogodyUITests.swift in Sources */ = {isa = PBXBuildFile; fileRef = 3F11FE5A216E31130003C8A4 /* AdamskaPrognozaPogodyUITests.swift */; };
/* End PBXBuildFile section */

/* Begin PBXContainerItemProxy section */
		3F11FE4C216E31130003C8A4 /* PBXContainerItemProxy */ = {
			isa = PBXContainerItemProxy;
			containerPortal = 3F11FE2F216E31120003C8A4 /* Project object */;
			proxyType = 1;
			remoteGlobalIDString = 3F11FE36216E31120003C8A4;
			remoteInfo = AdamskaPrognozaPogody;
		};
		3F11FE57216E31130003C8A4 /* PBXContainerItemProxy */ = {
			isa = PBXContainerItemProxy;
			containerPortal = 3F11FE2F216E31120003C8A4 /* Project object */;
			proxyType = 1;
			remoteGlobalIDString = 3F11FE36216E31120003C8A4;
			remoteInfo = AdamskaPrognozaPogody;
		};
/* End PBXContainerItemProxy section */

/* Begin PBXFileReference section */
		2B409506217CA1E1001F822C /* DownloadService.swift */ = {isa = PBXFileReference; lastKnownFileType = sourcecode.swift; path = DownloadService.swift; sourceTree = "<group>"; };
		2B409508217CA3F0001F822C /* WeatherData.swift */ = {isa = PBXFileReference; lastKnownFileType = sourcecode.swift; path = WeatherData.swift; sourceTree = "<group>"; };
		3F11FE37216E31120003C8A4 /* AdamskaPrognozaPogody.app */ = {isa = PBXFileReference; explicitFileType = wrapper.application; includeInIndex = 0; path = AdamskaPrognozaPogody.app; sourceTree = BUILT_PRODUCTS_DIR; };
		3F11FE3A216E31120003C8A4 /* AppDelegate.swift */ = {isa = PBXFileReference; lastKnownFileType = sourcecode.swift; path = AppDelegate.swift; sourceTree = "<group>"; };
		3F11FE3C216E31120003C8A4 /* ViewController.swift */ = {isa = PBXFileReference; lastKnownFileType = sourcecode.swift; path = ViewController.swift; sourceTree = "<group>"; };
		3F11FE3F216E31120003C8A4 /* Base */ = {isa = PBXFileReference; lastKnownFileType = file.storyboard; name = Base; path = Base.lproj/Main.storyboard; sourceTree = "<group>"; };
		3F11FE41216E31130003C8A4 /* Assets.xcassets */ = {isa = PBXFileReference; lastKnownFileType = folder.assetcatalog; path = Assets.xcassets; sourceTree = "<group>"; };
		3F11FE44216E31130003C8A4 /* Base */ = {isa = PBXFileReference; lastKnownFileType = file.storyboard; name = Base; path = Base.lproj/LaunchScreen.storyboard; sourceTree = "<group>"; };
		3F11FE46216E31130003C8A4 /* Info.plist */ = {isa = PBXFileReference; lastKnownFileType = text.plist.xml; path = Info.plist; sourceTree = "<group>"; };
		3F11FE4B216E31130003C8A4 /* AdamskaPrognozaPogodyTests.xctest */ = {isa = PBXFileReference; explicitFileType = wrapper.cfbundle; includeInIndex = 0; path = AdamskaPrognozaPogodyTests.xctest; sourceTree = BUILT_PRODUCTS_DIR; };
		3F11FE4F216E31130003C8A4 /* AdamskaPrognozaPogodyTests.swift */ = {isa = PBXFileReference; lastKnownFileType = sourcecode.swift; path = AdamskaPrognozaPogodyTests.swift; sourceTree = "<group>"; };
		3F11FE51216E31130003C8A4 /* Info.plist */ = {isa = PBXFileReference; lastKnownFileType = text.plist.xml; path = Info.plist; sourceTree = "<group>"; };
		3F11FE56216E31130003C8A4 /* AdamskaPrognozaPogodyUITests.xctest */ = {isa = PBXFileReference; explicitFileType = wrapper.cfbundle; includeInIndex = 0; path = AdamskaPrognozaPogodyUITests.xctest; sourceTree = BUILT_PRODUCTS_DIR; };
		3F11FE5A216E31130003C8A4 /* AdamskaPrognozaPogodyUITests.swift */ = {isa = PBXFileReference; lastKnownFileType = sourcecode.swift; path = AdamskaPrognozaPogodyUITests.swift; sourceTree = "<group>"; };
		3F11FE5C216E31130003C8A4 /* Info.plist */ = {isa = PBXFileReference; lastKnownFileType = text.plist.xml; path = Info.plist; sourceTree = "<group>"; };
/* End PBXFileReference section */

/* Begin PBXFrameworksBuildPhase section */
		3F11FE34216E31120003C8A4 /* Frameworks */ = {
			isa = PBXFrameworksBuildPhase;
			buildActionMask = 2147483647;
			files = (
			);
			runOnlyForDeploymentPostprocessing = 0;
		};
		3F11FE48216E31130003C8A4 /* Frameworks */ = {
			isa = PBXFrameworksBuildPhase;
			buildActionMask = 2147483647;
			files = (
			);
			runOnlyForDeploymentPostprocessing = 0;
		};
		3F11FE53216E31130003C8A4 /* Frameworks */ = {
			isa = PBXFrameworksBuildPhase;
			buildActionMask = 2147483647;
			files = (
			);
			runOnlyForDeploymentPostprocessing = 0;
		};
/* End PBXFrameworksBuildPhase section */

/* Begin PBXGroup section */
		3F11FE2E216E31120003C8A4 = {
			isa = PBXGroup;
			children = (
				3F11FE39216E31120003C8A4 /* AdamskaPrognozaPogody */,
				3F11FE4E216E31130003C8A4 /* AdamskaPrognozaPogodyTests */,
				3F11FE59216E31130003C8A4 /* AdamskaPrognozaPogodyUITests */,
				3F11FE38216E31120003C8A4 /* Products */,
			);
			sourceTree = "<group>";
		};
		3F11FE38216E31120003C8A4 /* Products */ = {
			isa = PBXGroup;
			children = (
				3F11FE37216E31120003C8A4 /* AdamskaPrognozaPogody.app */,
				3F11FE4B216E31130003C8A4 /* AdamskaPrognozaPogodyTests.xctest */,
				3F11FE56216E31130003C8A4 /* AdamskaPrognozaPogodyUITests.xctest */,
			);
			name = Products;
			sourceTree = "<group>";
		};
		3F11FE39216E31120003C8A4 /* AdamskaPrognozaPogody */ = {
			isa = PBXGroup;
			children = (
				3F11FE3A216E31120003C8A4 /* AppDelegate.swift */,
				3F11FE3C216E31120003C8A4 /* ViewController.swift */,
				3F11FE3E216E31120003C8A4 /* Main.storyboard */,
				3F11FE41216E31130003C8A4 /* Assets.xcassets */,
				3F11FE43216E31130003C8A4 /* LaunchScreen.storyboard */,
				3F11FE46216E31130003C8A4 /* Info.plist */,
				2B409506217CA1E1001F822C /* DownloadService.swift */,
				2B409508217CA3F0001F822C /* WeatherData.swift */,
			);
			path = AdamskaPrognozaPogody;
			sourceTree = "<group>";
		};
		3F11FE4E216E31130003C8A4 /* AdamskaPrognozaPogodyTests */ = {
			isa = PBXGroup;
			children = (
				3F11FE4F216E31130003C8A4 /* AdamskaPrognozaPogodyTests.swift */,
				3F11FE51216E31130003C8A4 /* Info.plist */,
			);
			path = AdamskaPrognozaPogodyTests;
			sourceTree = "<group>";
		};
		3F11FE59216E31130003C8A4 /* AdamskaPrognozaPogodyUITests */ = {
			isa = PBXGroup;
			children = (
				3F11FE5A216E31130003C8A4 /* AdamskaPrognozaPogodyUITests.swift */,
				3F11FE5C216E31130003C8A4 /* Info.plist */,
			);
			path = AdamskaPrognozaPogodyUITests;
			sourceTree = "<group>";
		};
/* End PBXGroup section */

/* Begin PBXNativeTarget section */
		3F11FE36216E31120003C8A4 /* AdamskaPrognozaPogody */ = {
			isa = PBXNativeTarget;
			buildConfigurationList = 3F11FE5F216E31130003C8A4 /* Build configuration list for PBXNativeTarget "AdamskaPrognozaPogody" */;
			buildPhases = (
				3F11FE33216E31120003C8A4 /* Sources */,
				3F11FE34216E31120003C8A4 /* Frameworks */,
				3F11FE35216E31120003C8A4 /* Resources */,
			);
			buildRules = (
			);
			dependencies = (
			);
			name = AdamskaPrognozaPogody;
			productName = AdamskaPrognozaPogody;
			productReference = 3F11FE37216E31120003C8A4 /* AdamskaPrognozaPogody.app */;
			productType = "com.apple.product-type.application";
		};
		3F11FE4A216E31130003C8A4 /* AdamskaPrognozaPogodyTests */ = {
			isa = PBXNativeTarget;
			buildConfigurationList = 3F11FE62216E31130003C8A4 /* Build configuration list for PBXNativeTarget "AdamskaPrognozaPogodyTests" */;
			buildPhases = (
				3F11FE47216E31130003C8A4 /* Sources */,
				3F11FE48216E31130003C8A4 /* Frameworks */,
				3F11FE49216E31130003C8A4 /* Resources */,
			);
			buildRules = (
			);
			dependencies = (
				3F11FE4D216E31130003C8A4 /* PBXTargetDependency */,
			);
			name = AdamskaPrognozaPogodyTests;
			productName = AdamskaPrognozaPogodyTests;
			productReference = 3F11FE4B216E31130003C8A4 /* AdamskaPrognozaPogodyTests.xctest */;
			productType = "com.apple.product-type.bundle.unit-test";
		};
		3F11FE55216E31130003C8A4 /* AdamskaPrognozaPogodyUITests */ = {
			isa = PBXNativeTarget;
			buildConfigurationList = 3F11FE65216E31130003C8A4 /* Build configuration list for PBXNativeTarget "AdamskaPrognozaPogodyUITests" */;
			buildPhases = (
				3F11FE52216E31130003C8A4 /* Sources */,
				3F11FE53216E31130003C8A4 /* Frameworks */,
				3F11FE54216E31130003C8A4 /* Resources */,
			);
			buildRules = (
			);
			dependencies = (
				3F11FE58216E31130003C8A4 /* PBXTargetDependency */,
			);
			name = AdamskaPrognozaPogodyUITests;
			productName = AdamskaPrognozaPogodyUITests;
			productReference = 3F11FE56216E31130003C8A4 /* AdamskaPrognozaPogodyUITests.xctest */;
			productType = "com.apple.product-type.bundle.ui-testing";
		};
/* End PBXNativeTarget section */

/* Begin PBXProject section */
		3F11FE2F216E31120003C8A4 /* Project object */ = {
			isa = PBXProject;
			attributes = {
				KnownAssetTags = (
					label,
				);
				LastSwiftUpdateCheck = 1000;
				LastUpgradeCheck = 1000;
				ORGANIZATIONNAME = ITIK;
				TargetAttributes = {
					3F11FE36216E31120003C8A4 = {
						CreatedOnToolsVersion = 10.0;
					};
					3F11FE4A216E31130003C8A4 = {
						CreatedOnToolsVersion = 10.0;
						TestTargetID = 3F11FE36216E31120003C8A4;
					};
					3F11FE55216E31130003C8A4 = {
						CreatedOnToolsVersion = 10.0;
						TestTargetID = 3F11FE36216E31120003C8A4;
					};
				};
			};
			buildConfigurationList = 3F11FE32216E31120003C8A4 /* Build configuration list for PBXProject "AdamskaPrognozaPogody" */;
			compatibilityVersion = "Xcode 9.3";
			developmentRegion = en;
			hasScannedForEncodings = 0;
			knownRegions = (
				en,
				Base,
			);
			mainGroup = 3F11FE2E216E31120003C8A4;
			productRefGroup = 3F11FE38216E31120003C8A4 /* Products */;
			projectDirPath = "";
			projectRoot = "";
			targets = (
				3F11FE36216E31120003C8A4 /* AdamskaPrognozaPogody */,
				3F11FE4A216E31130003C8A4 /* AdamskaPrognozaPogodyTests */,
				3F11FE55216E31130003C8A4 /* AdamskaPrognozaPogodyUITests */,
			);
		};
/* End PBXProject section */

/* Begin PBXResourcesBuildPhase section */
		3F11FE35216E31120003C8A4 /* Resources */ = {
			isa = PBXResourcesBuildPhase;
			buildActionMask = 2147483647;
			files = (
				3F11FE45216E31130003C8A4 /* LaunchScreen.storyboard in Resources */,
				3F11FE42216E31130003C8A4 /* Assets.xcassets in Resources */,
				3F11FE40216E31120003C8A4 /* Main.storyboard in Resources */,
			);
			runOnlyForDeploymentPostprocessing = 0;
		};
		3F11FE49216E31130003C8A4 /* Resources */ = {
			isa = PBXResourcesBuildPhase;
			buildActionMask = 2147483647;
			files = (
			);
			runOnlyForDeploymentPostprocessing = 0;
		};
		3F11FE54216E31130003C8A4 /* Resources */ = {
			isa = PBXResourcesBuildPhase;
			buildActionMask = 2147483647;
			files = (
			);
			runOnlyForDeploymentPostprocessing = 0;
		};
/* End PBXResourcesBuildPhase section */

/* Begin PBXSourcesBuildPhase section */
		3F11FE33216E31120003C8A4 /* Sources */ = {
			isa = PBXSourcesBuildPhase;
			buildActionMask = 2147483647;
			files = (
				3F11FE3D216E31120003C8A4 /* ViewController.swift in Sources */,
				3F11FE3B216E31120003C8A4 /* AppDelegate.swift in Sources */,
				2B409509217CA3F0001F822C /* WeatherData.swift in Sources */,
				2B409507217CA1E1001F822C /* DownloadService.swift in Sources */,
			);
			runOnlyForDeploymentPostprocessing = 0;
		};
		3F11FE47216E31130003C8A4 /* Sources */ = {
			isa = PBXSourcesBuildPhase;
			buildActionMask = 2147483647;
			files = (
				3F11FE50216E31130003C8A4 /* AdamskaPrognozaPogodyTests.swift in Sources */,
			);
			runOnlyForDeploymentPostprocessing = 0;
		};
		3F11FE52216E31130003C8A4 /* Sources */ = {
			isa = PBXSourcesBuildPhase;
			buildActionMask = 2147483647;
			files = (
				3F11FE5B216E31130003C8A4 /* AdamskaPrognozaPogodyUITests.swift in Sources */,
			);
			runOnlyForDeploymentPostprocessing = 0;
		};
/* End PBXSourcesBuildPhase section */

/* Begin PBXTargetDependency section */
		3F11FE4D216E31130003C8A4 /* PBXTargetDependency */ = {
			isa = PBXTargetDependency;
			target = 3F11FE36216E31120003C8A4 /* AdamskaPrognozaPogody */;
			targetProxy = 3F11FE4C216E31130003C8A4 /* PBXContainerItemProxy */;
		};
		3F11FE58216E31130003C8A4 /* PBXTargetDependency */ = {
			isa = PBXTargetDependency;
			target = 3F11FE36216E31120003C8A4 /* AdamskaPrognozaPogody */;
			targetProxy = 3F11FE57216E31130003C8A4 /* PBXContainerItemProxy */;
		};
/* End PBXTargetDependency section */

/* Begin PBXVariantGroup section */
		3F11FE3E216E31120003C8A4 /* Main.storyboard */ = {
			isa = PBXVariantGroup;
			children = (
				3F11FE3F216E31120003C8A4 /* Base */,
			);
			name = Main.storyboard;
			sourceTree = "<group>";
		};
		3F11FE43216E31130003C8A4 /* LaunchScreen.storyboard */ = {
			isa = PBXVariantGroup;
			children = (
				3F11FE44216E31130003C8A4 /* Base */,
			);
			name = LaunchScreen.storyboard;
			sourceTree = "<group>";
		};
/* End PBXVariantGroup section */

/* Begin XCBuildConfiguration section */
		3F11FE5D216E31130003C8A4 /* Debug */ = {
			isa = XCBuildConfiguration;
			buildSettings = {
				ALWAYS_SEARCH_USER_PATHS = NO;
				CLANG_ANALYZER_NONNULL = YES;
				CLANG_ANALYZER_NUMBER_OBJECT_CONVERSION = YES_AGGRESSIVE;
				CLANG_CXX_LANGUAGE_STANDARD = "gnu++14";
				CLANG_CXX_LIBRARY = "libc++";
				CLANG_ENABLE_MODULES = YES;
				CLANG_ENABLE_OBJC_ARC = YES;
				CLANG_ENABLE_OBJC_WEAK = YES;
				CLANG_WARN_BLOCK_CAPTURE_AUTORELEASING = YES;
				CLANG_WARN_BOOL_CONVERSION = YES;
				CLANG_WARN_COMMA = YES;
				CLANG_WARN_CONSTANT_CONVERSION = YES;
				CLANG_WARN_DEPRECATED_OBJC_IMPLEMENTATIONS = YES;
				CLANG_WARN_DIRECT_OBJC_ISA_USAGE = YES_ERROR;
				CLANG_WARN_DOCUMENTATION_COMMENTS = YES;
				CLANG_WARN_EMPTY_BODY = YES;
				CLANG_WARN_ENUM_CONVERSION = YES;
				CLANG_WARN_INFINITE_RECURSION = YES;
				CLANG_WARN_INT_CONVERSION = YES;
				CLANG_WARN_NON_LITERAL_NULL_CONVERSION = YES;
				CLANG_WARN_OBJC_IMPLICIT_RETAIN_SELF = YES;
				CLANG_WARN_OBJC_LITERAL_CONVERSION = YES;
				CLANG_WARN_OBJC_ROOT_CLASS = YES_ERROR;
				CLANG_WARN_RANGE_LOOP_ANALYSIS = YES;
				CLANG_WARN_STRICT_PROTOTYPES = YES;
				CLANG_WARN_SUSPICIOUS_MOVE = YES;
				CLANG_WARN_UNGUARDED_AVAILABILITY = YES_AGGRESSIVE;
				CLANG_WARN_UNREACHABLE_CODE = YES;
				CLANG_WARN__DUPLICATE_METHOD_MATCH = YES;
				CODE_SIGN_IDENTITY = "iPhone Developer";
				COPY_PHASE_STRIP = NO;
				DEBUG_INFORMATION_FORMAT = dwarf;
				ENABLE_STRICT_OBJC_MSGSEND = YES;
				ENABLE_TESTABILITY = YES;
				GCC_C_LANGUAGE_STANDARD = gnu11;
				GCC_DYNAMIC_NO_PIC = NO;
				GCC_NO_COMMON_BLOCKS = YES;
				GCC_OPTIMIZATION_LEVEL = 0;
				GCC_PREPROCESSOR_DEFINITIONS = (
					"DEBUG=1",
					"$(inherited)",
				);
				GCC_WARN_64_TO_32_BIT_CONVERSION = YES;
				GCC_WARN_ABOUT_RETURN_TYPE = YES_ERROR;
				GCC_WARN_UNDECLARED_SELECTOR = YES;
				GCC_WARN_UNINITIALIZED_AUTOS = YES_AGGRESSIVE;
				GCC_WARN_UNUSED_FUNCTION = YES;
				GCC_WARN_UNUSED_VARIABLE = YES;
				IPHONEOS_DEPLOYMENT_TARGET = 12.0;
				MTL_ENABLE_DEBUG_INFO = INCLUDE_SOURCE;
				MTL_FAST_MATH = YES;
				ONLY_ACTIVE_ARCH = YES;
				SDKROOT = iphoneos;
				SWIFT_ACTIVE_COMPILATION_CONDITIONS = DEBUG;
				SWIFT_OPTIMIZATION_LEVEL = "-Onone";
			};
			name = Debug;
		};
		3F11FE5E216E31130003C8A4 /* Release */ = {
			isa = XCBuildConfiguration;
			buildSettings = {
				ALWAYS_SEARCH_USER_PATHS = NO;
				CLANG_ANALYZER_NONNULL = YES;
				CLANG_ANALYZER_NUMBER_OBJECT_CONVERSION = YES_AGGRESSIVE;
				CLANG_CXX_LANGUAGE_STANDARD = "gnu++14";
				CLANG_CXX_LIBRARY = "libc++";
				CLANG_ENABLE_MODULES = YES;
				CLANG_ENABLE_OBJC_ARC = YES;
				CLANG_ENABLE_OBJC_WEAK = YES;
				CLANG_WARN_BLOCK_CAPTURE_AUTORELEASING = YES;
				CLANG_WARN_BOOL_CONVERSION = YES;
				CLANG_WARN_COMMA = YES;
				CLANG_WARN_CONSTANT_CONVERSION = YES;
				CLANG_WARN_DEPRECATED_OBJC_IMPLEMENTATIONS = YES;
				CLANG_WARN_DIRECT_OBJC_ISA_USAGE = YES_ERROR;
				CLANG_WARN_DOCUMENTATION_COMMENTS = YES;
				CLANG_WARN_EMPTY_BODY = YES;
				CLANG_WARN_ENUM_CONVERSION = YES;
				CLANG_WARN_INFINITE_RECURSION = YES;
				CLANG_WARN_INT_CONVERSION = YES;
				CLANG_WARN_NON_LITERAL_NULL_CONVERSION = YES;
				CLANG_WARN_OBJC_IMPLICIT_RETAIN_SELF = YES;
				CLANG_WARN_OBJC_LITERAL_CONVERSION = YES;
				CLANG_WARN_OBJC_ROOT_CLASS = YES_ERROR;
				CLANG_WARN_RANGE_LOOP_ANALYSIS = YES;
				CLANG_WARN_STRICT_PROTOTYPES = YES;
				CLANG_WARN_SUSPICIOUS_MOVE = YES;
				CLANG_WARN_UNGUARDED_AVAILABILITY = YES_AGGRESSIVE;
				CLANG_WARN_UNREACHABLE_CODE = YES;
				CLANG_WARN__DUPLICATE_METHOD_MATCH = YES;
				CODE_SIGN_IDENTITY = "iPhone Developer";
				COPY_PHASE_STRIP = NO;
				DEBUG_INFORMATION_FORMAT = "dwarf-with-dsym";
				ENABLE_NS_ASSERTIONS = NO;
				ENABLE_STRICT_OBJC_MSGSEND = YES;
				GCC_C_LANGUAGE_STANDARD = gnu11;
				GCC_NO_COMMON_BLOCKS = YES;
				GCC_WARN_64_TO_32_BIT_CONVERSION = YES;
				GCC_WARN_ABOUT_RETURN_TYPE = YES_ERROR;
				GCC_WARN_UNDECLARED_SELECTOR = YES;
				GCC_WARN_UNINITIALIZED_AUTOS = YES_AGGRESSIVE;
				GCC_WARN_UNUSED_FUNCTION = YES;
				GCC_WARN_UNUSED_VARIABLE = YES;
				IPHONEOS_DEPLOYMENT_TARGET = 12.0;
				MTL_ENABLE_DEBUG_INFO = NO;
				MTL_FAST_MATH = YES;
				SDKROOT = iphoneos;
				SWIFT_COMPILATION_MODE = wholemodule;
				SWIFT_OPTIMIZATION_LEVEL = "-O";
				VALIDATE_PRODUCT = YES;
			};
			name = Release;
		};
		3F11FE60216E31130003C8A4 /* Debug */ = {
			isa = XCBuildConfiguration;
			buildSettings = {
				ASSETCATALOG_COMPILER_APPICON_NAME = AppIcon;
				CODE_SIGN_STYLE = Automatic;
				INFOPLIST_FILE = AdamskaPrognozaPogody/Info.plist;
				LD_RUNPATH_SEARCH_PATHS = (
					"$(inherited)",
					"@executable_path/Frameworks",
				);
				PRODUCT_BUNDLE_IDENTIFIER = "pl.agh-lion.AdamskaPrognozaPogody";
				PRODUCT_NAME = "$(TARGET_NAME)";
				SWIFT_VERSION = 4.2;
				TARGETED_DEVICE_FAMILY = "1,2";
			};
			name = Debug;
		};
		3F11FE61216E31130003C8A4 /* Release */ = {
			isa = XCBuildConfiguration;
			buildSettings = {
				ASSETCATALOG_COMPILER_APPICON_NAME = AppIcon;
				CODE_SIGN_STYLE = Automatic;
				INFOPLIST_FILE = AdamskaPrognozaPogody/Info.plist;
				LD_RUNPATH_SEARCH_PATHS = (
					"$(inherited)",
					"@executable_path/Frameworks",
				);
				PRODUCT_BUNDLE_IDENTIFIER = "pl.agh-lion.AdamskaPrognozaPogody";
				PRODUCT_NAME = "$(TARGET_NAME)";
				SWIFT_VERSION = 4.2;
				TARGETED_DEVICE_FAMILY = "1,2";
			};
			name = Release;
		};
		3F11FE63216E31130003C8A4 /* Debug */ = {
			isa = XCBuildConfiguration;
			buildSettings = {
				ALWAYS_EMBED_SWIFT_STANDARD_LIBRARIES = YES;
				BUNDLE_LOADER = "$(TEST_HOST)";
				CODE_SIGN_STYLE = Automatic;
				INFOPLIST_FILE = AdamskaPrognozaPogodyTests/Info.plist;
				LD_RUNPATH_SEARCH_PATHS = (
					"$(inherited)",
					"@executable_path/Frameworks",
					"@loader_path/Frameworks",
				);
				PRODUCT_BUNDLE_IDENTIFIER = "pl.agh-lion.AdamskaPrognozaPogodyTests";
				PRODUCT_NAME = "$(TARGET_NAME)";
				SWIFT_VERSION = 4.2;
				TARGETED_DEVICE_FAMILY = "1,2";
				TEST_HOST = "$(BUILT_PRODUCTS_DIR)/AdamskaPrognozaPogody.app/AdamskaPrognozaPogody";
			};
			name = Debug;
		};
		3F11FE64216E31130003C8A4 /* Release */ = {
			isa = XCBuildConfiguration;
			buildSettings = {
				ALWAYS_EMBED_SWIFT_STANDARD_LIBRARIES = YES;
				BUNDLE_LOADER = "$(TEST_HOST)";
				CODE_SIGN_STYLE = Automatic;
				INFOPLIST_FILE = AdamskaPrognozaPogodyTests/Info.plist;
				LD_RUNPATH_SEARCH_PATHS = (
					"$(inherited)",
					"@executable_path/Frameworks",
					"@loader_path/Frameworks",
				);
				PRODUCT_BUNDLE_IDENTIFIER = "pl.agh-lion.AdamskaPrognozaPogodyTests";
				PRODUCT_NAME = "$(TARGET_NAME)";
				SWIFT_VERSION = 4.2;
				TARGETED_DEVICE_FAMILY = "1,2";
				TEST_HOST = "$(BUILT_PRODUCTS_DIR)/AdamskaPrognozaPogody.app/AdamskaPrognozaPogody";
			};
			name = Release;
		};
		3F11FE66216E31130003C8A4 /* Debug */ = {
			isa = XCBuildConfiguration;
			buildSettings = {
				ALWAYS_EMBED_SWIFT_STANDARD_LIBRARIES = YES;
				CODE_SIGN_STYLE = Automatic;
				INFOPLIST_FILE = AdamskaPrognozaPogodyUITests/Info.plist;
				LD_RUNPATH_SEARCH_PATHS = (
					"$(inherited)",
					"@executable_path/Frameworks",
					"@loader_path/Frameworks",
				);
				PRODUCT_BUNDLE_IDENTIFIER = "pl.agh-lion.AdamskaPrognozaPogodyUITests";
				PRODUCT_NAME = "$(TARGET_NAME)";
				SWIFT_VERSION = 4.2;
				TARGETED_DEVICE_FAMILY = "1,2";
				TEST_TARGET_NAME = AdamskaPrognozaPogody;
			};
			name = Debug;
		};
		3F11FE67216E31130003C8A4 /* Release */ = {
			isa = XCBuildConfiguration;
			buildSettings = {
				ALWAYS_EMBED_SWIFT_STANDARD_LIBRARIES = YES;
				CODE_SIGN_STYLE = Automatic;
				INFOPLIST_FILE = AdamskaPrognozaPogodyUITests/Info.plist;
				LD_RUNPATH_SEARCH_PATHS = (
					"$(inherited)",
					"@executable_path/Frameworks",
					"@loader_path/Frameworks",
				);
				PRODUCT_BUNDLE_IDENTIFIER = "pl.agh-lion.AdamskaPrognozaPogodyUITests";
				PRODUCT_NAME = "$(TARGET_NAME)";
				SWIFT_VERSION = 4.2;
				TARGETED_DEVICE_FAMILY = "1,2";
				TEST_TARGET_NAME = AdamskaPrognozaPogody;
			};
			name = Release;
		};
/* End XCBuildConfiguration section */

/* Begin XCConfigurationList section */
		3F11FE32216E31120003C8A4 /* Build configuration list for PBXProject "AdamskaPrognozaPogody" */ = {
			isa = XCConfigurationList;
			buildConfigurations = (
				3F11FE5D216E31130003C8A4 /* Debug */,
				3F11FE5E216E31130003C8A4 /* Release */,
			);
			defaultConfigurationIsVisible = 0;
			defaultConfigurationName = Release;
		};
		3F11FE5F216E31130003C8A4 /* Build configuration list for PBXNativeTarget "AdamskaPrognozaPogody" */ = {
			isa = XCConfigurationList;
			buildConfigurations = (
				3F11FE60216E31130003C8A4 /* Debug */,
				3F11FE61216E31130003C8A4 /* Release */,
			);
			defaultConfigurationIsVisible = 0;
			defaultConfigurationName = Release;
		};
		3F11FE62216E31130003C8A4 /* Build configuration list for PBXNativeTarget "AdamskaPrognozaPogodyTests" */ = {
			isa = XCConfigurationList;
			buildConfigurations = (
				3F11FE63216E31130003C8A4 /* Debug */,
				3F11FE64216E31130003C8A4 /* Release */,
			);
			defaultConfigurationIsVisible = 0;
			defaultConfigurationName = Release;
		};
		3F11FE65216E31130003C8A4 /* Build configuration list for PBXNativeTarget "AdamskaPrognozaPogodyUITests" */ = {
			isa = XCConfigurationList;
			buildConfigurations = (
				3F11FE66216E31130003C8A4 /* Debug */,
				3F11FE67216E31130003C8A4 /* Release */,
			);
			defaultConfigurationIsVisible = 0;
			defaultConfigurationName = Release;
		};
/* End XCConfigurationList section */
	};
	rootObject = 3F11FE2F216E31120003C8A4 /* Project object */;
}
